
Microsoft Visual Studio Solution File, Format Version 12.00
Project("{FAE04EC0-301F-11D3-BF4B-00C04F79EFBC}") = "ProducerDemo", "ProducerDemo\ProducerDemo.csproj", "{D3F48F57-02CD-4991-BFF7-597F77F2CA72}"
EndProject
Project("{FAE04EC0-301F-11D3-BF4B-00C04F79EFBC}") = "ConsumerDemo", "ConsumerDemo\ConsumerDemo.csproj", "{A1B35B47-D189-4136-88B5-B9B5882C9CAE}"
EndProject
Global
	GlobalSection(SolutionConfigurationPlatforms) = preSolution
		Debug|Any CPU = Debug|Any CPU
		Release|Any CPU = Release|Any CPU
	EndGlobalSection
	GlobalSection(ProjectConfigurationPlatforms) = postSolution
		{D3F48F57-02CD-4991-BFF7-597F77F2CA72}.Debug|Any CPU.ActiveCfg = Debug|Any CPU
		{D3F48F57-02CD-4991-BFF7-597F77F2CA72}.Debug|Any CPU.Build.0 = Debug|Any CPU
		{D3F48F57-02CD-4991-BFF7-597F77F2CA72}.Release|Any CPU.ActiveCfg = Release|Any CPU
		{D3F48F57-02CD-4991-BFF7-597F77F2CA72}.Release|Any CPU.Build.0 = Release|Any CPU
		{A1B35B47-D189-4136-88B5-B9B5882C9CAE}.Debug|Any CPU.ActiveCfg = Debug|Any CPU
		{A1B35B47-D189-4136-88B5-B9B5882C9CAE}.Debug|Any CPU.Build.0 = Debug|Any CPU
		{A1B35B47-D189-4136-88B5-B9B5882C9CAE}.Release|Any CPU.ActiveCfg = Release|Any CPU
		{A1B35B47-D189-4136-88B5-B9B5882C9CAE}.Release|Any CPU.Build.0 = Release|Any CPU
	EndGlobalSection
EndGlobal
